{
  "name": "test",
  "version": "0.1.0",
  "lockfileVersion": 3,
  "requires": true,
  "packages": {
    "": {
      "name": "test",
      "version": "0.1.0",
      "license": "MIT",
      "dependencies": {
        "emath.js": "file:.."
      }
    },
    "..": {
      "version": "8.0.0-rc.1",
      "license": "MIT",
      "dependencies": {
        "class-transformer": "^0.5.1",
        "lz-string": "^1.5.0",
        "reflect-metadata": "^0.2.2"
      },
      "devDependencies": {
        "@types/mocha": "^10.0.3",
        "@types/node": "^20.10.4",
        "@types/react": "^18.2.48",
        "@typescript-eslint/eslint-plugin": "^7.0.2",
        "@typescript-eslint/parser": "^7.0.2",
        "break_eternity.js": "^1.4.2",
        "concurrently": "^8.2.2",
        "esbuild": "0.20.2",
        "esbuild-plugin-replace": "^1.4.0",
        "eslint": "^8.50.0",
        "eslint-config-prettier": "^9.0.0",
        "eslint-config-react-app": "^7.0.1",
        "eslint-plugin-jsdoc": "^48.0.2",
        "eslint-plugin-react": "^7.33.2",
        "mocha": "^10.2.0",
        "pixi.js": "^7.4.0",
        "prettier": "3.2.5",
        "prettier-eslint": "^16.1.1",
        "react": "^18.2.0",
        "ts-mocha": "^10.0.0",
        "typedoc": "^0.25.11",
        "typescript": "^5.2.2"
      }
    },
    "node_modules/emath.js": {
      "resolved": "..",
      "link": true
    }
  }
}
