{
  "name": "test",
  "version": "0.1.0",
  "lockfileVersion": 3,
  "requires": true,
  "packages": {
    "": {
      "name": "test",
      "version": "0.1.0",
      "license": "MIT",
      "dependencies": {
        "emath.js": "file:.."
      },
      "devDependencies": {
        "typescript": "^5.2.2"
      }
    },
    "..": {
      "version": "4.0.1",
      "license": "MIT",
      "dependencies": {
        "class-transformer": "^0.5.1",
        "reflect-metadata": "^0.1.13"
      },
      "devDependencies": {
        "@types/mocha": "^10.0.3",
        "@typescript-eslint/eslint-plugin": "^6.9.0",
        "@typescript-eslint/parser": "^6.9.0",
        "concurrently": "^8.2.2",
        "esbuild": "0.19.8",
        "eslint": "^8.50.0",
        "eslint-config-prettier": "^9.0.0",
        "eslint-plugin-jsdoc": "^46.9.0",
        "lz-string": "^1.5.0",
        "mocha": "^10.2.0",
        "pixi.js": "^7.3.2",
        "prettier": "3.1.0",
        "prettier-eslint": "^16.1.1",
        "ts-mocha": "^10.0.0",
        "typescript": "^5.2.2"
      }
    },
    "node_modules/emath.js": {
      "resolved": "..",
      "link": true
    },
    "node_modules/typescript": {
      "version": "5.2.2",
      "resolved": "https://registry.npmjs.org/typescript/-/typescript-5.2.2.tgz",
      "integrity": "sha512-mI4WrpHsbCIcwT9cF4FZvr80QUeKvsUsUvKDoR+X/7XHQH98xYD8YHZg7ANtz2GtZt/CBq2QJ0thkGJMHfqc1w==",
      "dev": true,
      "bin": {
        "tsc": "bin/tsc",
        "tsserver": "bin/tsserver"
      },
      "engines": {
        "node": ">=14.17"
      }
    }
  }
}
