{
  "name": "emath.js",
  "version": "1.0.0",
  "lockfileVersion": 3,
  "requires": true,
  "packages": {
    "": {
      "name": "emath",
      "version": "1.0.0",
      "license": "MIT",
      "dependencies": {
        "break_eternity.js": "^1.3.1"
      },
      "devDependencies": {}
    },
    "node_modules/break_eternity.js": {
      "version": "1.3.1",
      "resolved": "https://registry.npmjs.org/break_eternity.js/-/break_eternity.js-1.3.1.tgz",
      "integrity": "sha512-fm9HNz7aMyuWbHODeDwBD/Qd0T9Q2JQEknfQujK4Z+vMXIwKLtButYLeupojASSovpu7CE/hzvPbknT6NV1SqQ=="
    }
  }
}
